
Microsoft Visual Studio Solution File, Format Version 12.00
# Visual Studio Version 16
VisualStudioVersion = 16.0.32106.194
MinimumVisualStudioVersion = 10.0.40219.1
Project("{9A19103F-16F7-4668-BE54-9A1E7A4F7556}") = "集合", "集合\集合.csproj", "{A7127679-D202-4049-A986-ED4A862CD99D}"
EndProject
Project("{FAE04EC0-301F-11D3-BF4B-00C04F79EFBC}") = "集合长度的问题", "..\集合长度的问题\集合长度的问题.csproj", "{76FC2368-21CF-4C98-A90B-10C5DB3F80E9}"
EndProject
Project("{FAE04EC0-301F-11D3-BF4B-00C04F79EFBC}") = "集合的两个练习", "..\集合的两个练习\集合的两个练习.csproj", "{F472FBDC-1900-4A31-ADBB-9E4BBBD28E2C}"
EndProject
Global
	GlobalSection(SolutionConfigurationPlatforms) = preSolution
		Debug|Any CPU = Debug|Any CPU
		Release|Any CPU = Release|Any CPU
	EndGlobalSection
	GlobalSection(ProjectConfigurationPlatforms) = postSolution
		{A7127679-D202-4049-A986-ED4A862CD99D}.Debug|Any CPU.ActiveCfg = Debug|Any CPU
		{A7127679-D202-4049-A986-ED4A862CD99D}.Debug|Any CPU.Build.0 = Debug|Any CPU
		{A7127679-D202-4049-A986-ED4A862CD99D}.Release|Any CPU.ActiveCfg = Release|Any CPU
		{A7127679-D202-4049-A986-ED4A862CD99D}.Release|Any CPU.Build.0 = Release|Any CPU
		{76FC2368-21CF-4C98-A90B-10C5DB3F80E9}.Debug|Any CPU.ActiveCfg = Debug|Any CPU
		{76FC2368-21CF-4C98-A90B-10C5DB3F80E9}.Debug|Any CPU.Build.0 = Debug|Any CPU
		{76FC2368-21CF-4C98-A90B-10C5DB3F80E9}.Release|Any CPU.ActiveCfg = Release|Any CPU
		{76FC2368-21CF-4C98-A90B-10C5DB3F80E9}.Release|Any CPU.Build.0 = Release|Any CPU
		{F472FBDC-1900-4A31-ADBB-9E4BBBD28E2C}.Debug|Any CPU.ActiveCfg = Debug|Any CPU
		{F472FBDC-1900-4A31-ADBB-9E4BBBD28E2C}.Debug|Any CPU.Build.0 = Debug|Any CPU
		{F472FBDC-1900-4A31-ADBB-9E4BBBD28E2C}.Release|Any CPU.ActiveCfg = Release|Any CPU
		{F472FBDC-1900-4A31-ADBB-9E4BBBD28E2C}.Release|Any CPU.Build.0 = Release|Any CPU
	EndGlobalSection
	GlobalSection(SolutionProperties) = preSolution
		HideSolutionNode = FALSE
	EndGlobalSection
	GlobalSection(ExtensibilityGlobals) = postSolution
		SolutionGuid = {5AB71565-C0B9-4953-8F9D-8CB9F683FCCF}
	EndGlobalSection
EndGlobal
