
Microsoft Visual Studio Solution File, Format Version 12.00
# Visual Studio Version 16
VisualStudioVersion = 16.0.32106.194
MinimumVisualStudioVersion = 10.0.40219.1
Project("{FAE04EC0-301F-11D3-BF4B-00C04F79EFBC}") = "继承的练习", "继承的练习\继承的练习.csproj", "{196BDA0B-A105-41F7-B042-C3B88D81359E}"
EndProject
Global
	GlobalSection(SolutionConfigurationPlatforms) = preSolution
		Debug|Any CPU = Debug|Any CPU
		Release|Any CPU = Release|Any CPU
	EndGlobalSection
	GlobalSection(ProjectConfigurationPlatforms) = postSolution
		{196BDA0B-A105-41F7-B042-C3B88D81359E}.Debug|Any CPU.ActiveCfg = Debug|Any CPU
		{196BDA0B-A105-41F7-B042-C3B88D81359E}.Debug|Any CPU.Build.0 = Debug|Any CPU
		{196BDA0B-A105-41F7-B042-C3B88D81359E}.Release|Any CPU.ActiveCfg = Release|Any CPU
		{196BDA0B-A105-41F7-B042-C3B88D81359E}.Release|Any CPU.Build.0 = Release|Any CPU
	EndGlobalSection
	GlobalSection(SolutionProperties) = preSolution
		HideSolutionNode = FALSE
	EndGlobalSection
	GlobalSection(ExtensibilityGlobals) = postSolution
		SolutionGuid = {204CAB3F-EDA0-44DF-986D-55E5F0714283}
	EndGlobalSection
EndGlobal
