
Microsoft Visual Studio Solution File, Format Version 12.00
# Visual Studio Version 16
VisualStudioVersion = 16.0.32106.194
MinimumVisualStudioVersion = 10.0.40219.1
Project("{FAE04EC0-301F-11D3-BF4B-00C04F79EFBC}") = "值类型与引用类型", "值类型与引用类型\值类型与引用类型.csproj", "{B3B02F92-0F63-45B3-8265-9BA474DDF2A7}"
EndProject
Global
	GlobalSection(SolutionConfigurationPlatforms) = preSolution
		Debug|Any CPU = Debug|Any CPU
		Release|Any CPU = Release|Any CPU
	EndGlobalSection
	GlobalSection(ProjectConfigurationPlatforms) = postSolution
		{B3B02F92-0F63-45B3-8265-9BA474DDF2A7}.Debug|Any CPU.ActiveCfg = Debug|Any CPU
		{B3B02F92-0F63-45B3-8265-9BA474DDF2A7}.Debug|Any CPU.Build.0 = Debug|Any CPU
		{B3B02F92-0F63-45B3-8265-9BA474DDF2A7}.Release|Any CPU.ActiveCfg = Release|Any CPU
		{B3B02F92-0F63-45B3-8265-9BA474DDF2A7}.Release|Any CPU.Build.0 = Release|Any CPU
	EndGlobalSection
	GlobalSection(SolutionProperties) = preSolution
		HideSolutionNode = FALSE
	EndGlobalSection
	GlobalSection(ExtensibilityGlobals) = postSolution
		SolutionGuid = {979A68C6-03BE-4118-9F1D-AF1C624E0C1B}
	EndGlobalSection
EndGlobal
