
Microsoft Visual Studio Solution File, Format Version 12.00
# Visual Studio Version 16
VisualStudioVersion = 16.0.32106.194
MinimumVisualStudioVersion = 10.0.40219.1
Project("{FAE04EC0-301F-11D3-BF4B-00C04F79EFBC}") = "继承", "继承\继承.csproj", "{AB294A55-D851-49AA-BB9E-3C1C4F97E012}"
EndProject
Global
	GlobalSection(SolutionConfigurationPlatforms) = preSolution
		Debug|Any CPU = Debug|Any CPU
		Release|Any CPU = Release|Any CPU
	EndGlobalSection
	GlobalSection(ProjectConfigurationPlatforms) = postSolution
		{AB294A55-D851-49AA-BB9E-3C1C4F97E012}.Debug|Any CPU.ActiveCfg = Debug|Any CPU
		{AB294A55-D851-49AA-BB9E-3C1C4F97E012}.Debug|Any CPU.Build.0 = Debug|Any CPU
		{AB294A55-D851-49AA-BB9E-3C1C4F97E012}.Release|Any CPU.ActiveCfg = Release|Any CPU
		{AB294A55-D851-49AA-BB9E-3C1C4F97E012}.Release|Any CPU.Build.0 = Release|Any CPU
	EndGlobalSection
	GlobalSection(SolutionProperties) = preSolution
		HideSolutionNode = FALSE
	EndGlobalSection
	GlobalSection(ExtensibilityGlobals) = postSolution
		SolutionGuid = {0D4CDE5A-FBFC-441C-91EB-BEBD28429ED1}
	EndGlobalSection
EndGlobal
