
Microsoft Visual Studio Solution File, Format Version 12.00
# Visual Studio Version 16
VisualStudioVersion = 16.0.32002.261
MinimumVisualStudioVersion = 10.0.40219.1
Project("{FAE04EC0-301F-11D3-BF4B-00C04F79EFBC}") = "ConsoleApp4", "ConsoleApp4\ConsoleApp4.csproj", "{F2F6F4F3-B02D-4A16-B07C-AD0FD5BA41CD}"
EndProject
Global
	GlobalSection(SolutionConfigurationPlatforms) = preSolution
		Debug|Any CPU = Debug|Any CPU
		Release|Any CPU = Release|Any CPU
	EndGlobalSection
	GlobalSection(ProjectConfigurationPlatforms) = postSolution
		{F2F6F4F3-B02D-4A16-B07C-AD0FD5BA41CD}.Debug|Any CPU.ActiveCfg = Debug|Any CPU
		{F2F6F4F3-B02D-4A16-B07C-AD0FD5BA41CD}.Debug|Any CPU.Build.0 = Debug|Any CPU
		{F2F6F4F3-B02D-4A16-B07C-AD0FD5BA41CD}.Release|Any CPU.ActiveCfg = Release|Any CPU
		{F2F6F4F3-B02D-4A16-B07C-AD0FD5BA41CD}.Release|Any CPU.Build.0 = Release|Any CPU
	EndGlobalSection
	GlobalSection(SolutionProperties) = preSolution
		HideSolutionNode = FALSE
	EndGlobalSection
	GlobalSection(ExtensibilityGlobals) = postSolution
		SolutionGuid = {F266EB18-190B-4255-B7AA-0B006148B9B6}
	EndGlobalSection
EndGlobal
