
Microsoft Visual Studio Solution File, Format Version 12.00
# Visual Studio Version 16
VisualStudioVersion = 16.0.32002.261
MinimumVisualStudioVersion = 10.0.40219.1
Project("{FAE04EC0-301F-11D3-BF4B-00C04F79EFBC}") = "联系", "联系\联系.csproj", "{77557D78-D8B4-417D-8A07-A3A50D2A1BD3}"
EndProject
Global
	GlobalSection(SolutionConfigurationPlatforms) = preSolution
		Debug|Any CPU = Debug|Any CPU
		Release|Any CPU = Release|Any CPU
	EndGlobalSection
	GlobalSection(ProjectConfigurationPlatforms) = postSolution
		{77557D78-D8B4-417D-8A07-A3A50D2A1BD3}.Debug|Any CPU.ActiveCfg = Debug|Any CPU
		{77557D78-D8B4-417D-8A07-A3A50D2A1BD3}.Debug|Any CPU.Build.0 = Debug|Any CPU
		{77557D78-D8B4-417D-8A07-A3A50D2A1BD3}.Release|Any CPU.ActiveCfg = Release|Any CPU
		{77557D78-D8B4-417D-8A07-A3A50D2A1BD3}.Release|Any CPU.Build.0 = Release|Any CPU
	EndGlobalSection
	GlobalSection(SolutionProperties) = preSolution
		HideSolutionNode = FALSE
	EndGlobalSection
	GlobalSection(ExtensibilityGlobals) = postSolution
		SolutionGuid = {2543621D-AE12-4D90-9B95-E2C2FB98802B}
	EndGlobalSection
EndGlobal
