
Microsoft Visual Studio Solution File, Format Version 12.00
# Visual Studio Version 16
VisualStudioVersion = 16.0.32106.194
MinimumVisualStudioVersion = 10.0.40219.1
Project("{FAE04EC0-301F-11D3-BF4B-00C04F79EFBC}") = "lianxilll", "lianxilll\lianxilll.csproj", "{9B8953A0-DF8F-4E53-B9AB-52E3C5B255F8}"
EndProject
Global
	GlobalSection(SolutionConfigurationPlatforms) = preSolution
		Debug|Any CPU = Debug|Any CPU
		Release|Any CPU = Release|Any CPU
	EndGlobalSection
	GlobalSection(ProjectConfigurationPlatforms) = postSolution
		{9B8953A0-DF8F-4E53-B9AB-52E3C5B255F8}.Debug|Any CPU.ActiveCfg = Debug|Any CPU
		{9B8953A0-DF8F-4E53-B9AB-52E3C5B255F8}.Debug|Any CPU.Build.0 = Debug|Any CPU
		{9B8953A0-DF8F-4E53-B9AB-52E3C5B255F8}.Release|Any CPU.ActiveCfg = Release|Any CPU
		{9B8953A0-DF8F-4E53-B9AB-52E3C5B255F8}.Release|Any CPU.Build.0 = Release|Any CPU
	EndGlobalSection
	GlobalSection(SolutionProperties) = preSolution
		HideSolutionNode = FALSE
	EndGlobalSection
	GlobalSection(ExtensibilityGlobals) = postSolution
		SolutionGuid = {F640D618-1CB6-4E93-A574-CA0CB781773F}
	EndGlobalSection
EndGlobal
