
Microsoft Visual Studio Solution File, Format Version 12.00
# Visual Studio Version 16
VisualStudioVersion = 16.0.32106.194
MinimumVisualStudioVersion = 10.0.40219.1
Project("{FAE04EC0-301F-11D3-BF4B-00C04F79EFBC}") = "path类", "path类\path类.csproj", "{71E5DF0C-A4BB-4886-81C6-F5EE700DF3EE}"
EndProject
Global
	GlobalSection(SolutionConfigurationPlatforms) = preSolution
		Debug|Any CPU = Debug|Any CPU
		Release|Any CPU = Release|Any CPU
	EndGlobalSection
	GlobalSection(ProjectConfigurationPlatforms) = postSolution
		{71E5DF0C-A4BB-4886-81C6-F5EE700DF3EE}.Debug|Any CPU.ActiveCfg = Debug|Any CPU
		{71E5DF0C-A4BB-4886-81C6-F5EE700DF3EE}.Debug|Any CPU.Build.0 = Debug|Any CPU
		{71E5DF0C-A4BB-4886-81C6-F5EE700DF3EE}.Release|Any CPU.ActiveCfg = Release|Any CPU
		{71E5DF0C-A4BB-4886-81C6-F5EE700DF3EE}.Release|Any CPU.Build.0 = Release|Any CPU
	EndGlobalSection
	GlobalSection(SolutionProperties) = preSolution
		HideSolutionNode = FALSE
	EndGlobalSection
	GlobalSection(ExtensibilityGlobals) = postSolution
		SolutionGuid = {33BDCB25-A4BB-430A-9D8D-064F95803B4F}
	EndGlobalSection
EndGlobal
