
Microsoft Visual Studio Solution File, Format Version 12.00
# Visual Studio Version 16
VisualStudioVersion = 16.0.32106.194
MinimumVisualStudioVersion = 10.0.40219.1
Project("{FAE04EC0-301F-11D3-BF4B-00C04F79EFBC}") = "里氏转换", "里氏转换\里氏转换.csproj", "{0ECF0E40-A77C-49BE-B490-CEE716B731CB}"
EndProject
Global
	GlobalSection(SolutionConfigurationPlatforms) = preSolution
		Debug|Any CPU = Debug|Any CPU
		Release|Any CPU = Release|Any CPU
	EndGlobalSection
	GlobalSection(ProjectConfigurationPlatforms) = postSolution
		{0ECF0E40-A77C-49BE-B490-CEE716B731CB}.Debug|Any CPU.ActiveCfg = Debug|Any CPU
		{0ECF0E40-A77C-49BE-B490-CEE716B731CB}.Debug|Any CPU.Build.0 = Debug|Any CPU
		{0ECF0E40-A77C-49BE-B490-CEE716B731CB}.Release|Any CPU.ActiveCfg = Release|Any CPU
		{0ECF0E40-A77C-49BE-B490-CEE716B731CB}.Release|Any CPU.Build.0 = Release|Any CPU
	EndGlobalSection
	GlobalSection(SolutionProperties) = preSolution
		HideSolutionNode = FALSE
	EndGlobalSection
	GlobalSection(ExtensibilityGlobals) = postSolution
		SolutionGuid = {18A639C8-3842-40AA-9CA2-29D2CDC54F07}
	EndGlobalSection
EndGlobal
