
Microsoft Visual Studio Solution File, Format Version 12.00
# Visual Studio Version 16
VisualStudioVersion = 16.0.32106.194
MinimumVisualStudioVersion = 10.0.40219.1
Project("{FAE04EC0-301F-11D3-BF4B-00C04F79EFBC}") = "Student", "Student\Student.csproj", "{29BAB535-8731-4E29-A62D-95235B4E6A6F}"
EndProject
Global
	GlobalSection(SolutionConfigurationPlatforms) = preSolution
		Debug|Any CPU = Debug|Any CPU
		Release|Any CPU = Release|Any CPU
	EndGlobalSection
	GlobalSection(ProjectConfigurationPlatforms) = postSolution
		{29BAB535-8731-4E29-A62D-95235B4E6A6F}.Debug|Any CPU.ActiveCfg = Debug|Any CPU
		{29BAB535-8731-4E29-A62D-95235B4E6A6F}.Debug|Any CPU.Build.0 = Debug|Any CPU
		{29BAB535-8731-4E29-A62D-95235B4E6A6F}.Release|Any CPU.ActiveCfg = Release|Any CPU
		{29BAB535-8731-4E29-A62D-95235B4E6A6F}.Release|Any CPU.Build.0 = Release|Any CPU
	EndGlobalSection
	GlobalSection(SolutionProperties) = preSolution
		HideSolutionNode = FALSE
	EndGlobalSection
	GlobalSection(ExtensibilityGlobals) = postSolution
		SolutionGuid = {4A4EEDF0-24FC-40FA-9954-50C8E770FB72}
	EndGlobalSection
EndGlobal
