
Microsoft Visual Studio Solution File, Format Version 12.00
# Visual Studio Version 16
VisualStudioVersion = 16.0.32106.194
MinimumVisualStudioVersion = 10.0.40219.1
Project("{FAE04EC0-301F-11D3-BF4B-00C04F79EFBC}") = "字符串的各种方法", "字符串的各种方法\字符串的各种方法.csproj", "{CD8351E5-F565-407D-AA51-D37707D0986A}"
EndProject
Global
	GlobalSection(SolutionConfigurationPlatforms) = preSolution
		Debug|Any CPU = Debug|Any CPU
		Release|Any CPU = Release|Any CPU
	EndGlobalSection
	GlobalSection(ProjectConfigurationPlatforms) = postSolution
		{CD8351E5-F565-407D-AA51-D37707D0986A}.Debug|Any CPU.ActiveCfg = Debug|Any CPU
		{CD8351E5-F565-407D-AA51-D37707D0986A}.Debug|Any CPU.Build.0 = Debug|Any CPU
		{CD8351E5-F565-407D-AA51-D37707D0986A}.Release|Any CPU.ActiveCfg = Release|Any CPU
		{CD8351E5-F565-407D-AA51-D37707D0986A}.Release|Any CPU.Build.0 = Release|Any CPU
	EndGlobalSection
	GlobalSection(SolutionProperties) = preSolution
		HideSolutionNode = FALSE
	EndGlobalSection
	GlobalSection(ExtensibilityGlobals) = postSolution
		SolutionGuid = {A32945E7-1A08-4CE9-821C-49D9BEF16C3D}
	EndGlobalSection
EndGlobal
