
Microsoft Visual Studio Solution File, Format Version 12.00
# Visual Studio Version 16
VisualStudioVersion = 16.0.32002.261
MinimumVisualStudioVersion = 10.0.40219.1
Project("{9A19103F-16F7-4668-BE54-9A1E7A4F7556}") = "wwwww", "wwwww\wwwww.csproj", "{5018EF29-D7BF-43F2-A778-0DEEF3B409F3}"
EndProject
Project("{FAE04EC0-301F-11D3-BF4B-00C04F79EFBC}") = "枚举之间的转化", "枚举之间的转化\枚举之间的转化.csproj", "{94BEAC03-FAE3-4825-81B4-868466F44E80}"
EndProject
Global
	GlobalSection(SolutionConfigurationPlatforms) = preSolution
		Debug|Any CPU = Debug|Any CPU
		Release|Any CPU = Release|Any CPU
	EndGlobalSection
	GlobalSection(ProjectConfigurationPlatforms) = postSolution
		{5018EF29-D7BF-43F2-A778-0DEEF3B409F3}.Debug|Any CPU.ActiveCfg = Debug|Any CPU
		{5018EF29-D7BF-43F2-A778-0DEEF3B409F3}.Debug|Any CPU.Build.0 = Debug|Any CPU
		{5018EF29-D7BF-43F2-A778-0DEEF3B409F3}.Release|Any CPU.ActiveCfg = Release|Any CPU
		{5018EF29-D7BF-43F2-A778-0DEEF3B409F3}.Release|Any CPU.Build.0 = Release|Any CPU
		{94BEAC03-FAE3-4825-81B4-868466F44E80}.Debug|Any CPU.ActiveCfg = Debug|Any CPU
		{94BEAC03-FAE3-4825-81B4-868466F44E80}.Debug|Any CPU.Build.0 = Debug|Any CPU
		{94BEAC03-FAE3-4825-81B4-868466F44E80}.Release|Any CPU.ActiveCfg = Release|Any CPU
		{94BEAC03-FAE3-4825-81B4-868466F44E80}.Release|Any CPU.Build.0 = Release|Any CPU
	EndGlobalSection
	GlobalSection(SolutionProperties) = preSolution
		HideSolutionNode = FALSE
	EndGlobalSection
	GlobalSection(ExtensibilityGlobals) = postSolution
		SolutionGuid = {A3334B32-2A5A-493C-9703-21CDA81E24F0}
	EndGlobalSection
EndGlobal
